PODS:
  - Flutter (1.0.0)
  - lite_rt_for_flutter_libs (0.0.2):
    - Flutter
    - TensorFlowLiteSelectTfOps (~> 0.0.1-nightly)
    - TensorFlowLiteSwift (~> 0.0.1-nightly)
  - TensorFlowLiteC (0.0.1-nightly.20250126):
    - TensorFlowLiteC/Core (= 0.0.1-nightly.20250126)
  - TensorFlowLiteC/Core (0.0.1-nightly.20250126)
  - TensorFlowLiteSelectTfOps (0.0.1-nightly.20250207)
  - TensorFlowLiteSwift (0.0.1-nightly.20250126):
    - TensorFlowLiteSwift/Core (= 0.0.1-nightly.20250126)
  - TensorFlowLiteSwift/Core (0.0.1-nightly.20250126):
    - TensorFlowLiteC (= 0.0.1-nightly.20250126)
    - TensorFlowLiteSwift/Privacy (= 0.0.1-nightly.20250126)
  - TensorFlowLiteSwift/Privacy (0.0.1-nightly.20250126)

DEPENDENCIES:
  - Flutter (from `Flutter`)
  - lite_rt_for_flutter_libs (from `.symlinks/plugins/lite_rt_for_flutter_libs/ios`)

SPEC REPOS:
  trunk:
    - TensorFlowLiteC
    - TensorFlowLiteSelectTfOps
    - TensorFlowLiteSwift

EXTERNAL SOURCES:
  Flutter:
    :path: Flutter
  lite_rt_for_flutter_libs:
    :path: ".symlinks/plugins/lite_rt_for_flutter_libs/ios"

SPEC CHECKSUMS:
  Flutter: e0871f40cf51350855a761d2e70bf5af5b9b5de7
  lite_rt_for_flutter_libs: 07549c9879e081ba6dabc7fee0a3ef5d891c3033
  TensorFlowLiteC: 13781c7f96816b85c768a4fb6c4bcf3de48dabb1
  TensorFlowLiteSelectTfOps: b490e30d77d7ba5292c5340495c01561e61270da
  TensorFlowLiteSwift: df36a5779c2f8a273a36670a09d80fa21483ee48

PODFILE CHECKSUM: 819463e6a0290f5a72f145ba7cde16e8b6ef0796

COCOAPODS: 1.16.2
